
Microsoft Visual Studio Solution File, Format Version 11.00
# Visual Studio 2010
Project("{8BC9CEB8-8B4A-11D0-8D11-00A0C91BC942}") = "cximage", "CxImage\cximage.vcxproj", "{508ACFF4-18C6-3699-809C-6478D9DE57BB}"
EndProject
Project("{8BC9CEB8-8B4A-11D0-8D11-00A0C91BC942}") = "CxImageCrtDll", "CxImage\CxImageDLL\CxImageCrtDll.vcxproj", "{AA2641A3-2286-5899-2233-A0616F15CDA7}"
	ProjectSection(ProjectDependencies) = postProject
		{12BEF647-5C44-0E97-FD80-8CFEB0233940} = {12BEF647-5C44-0E97-FD80-8CFEB0233940}
		{DB41964F-473C-E041-2F37-1B8FBCA67097} = {DB41964F-473C-E041-2F37-1B8FBCA67097}
		{B512286E-77DC-FF76-396B-9A5FE804CCCF} = {B512286E-77DC-FF76-396B-9A5FE804CCCF}
		{F8E8357D-6A95-E188-0711-692CB10E6808} = {F8E8357D-6A95-E188-0711-692CB10E6808}
		{8E4B1585-03C5-EA55-BC9B-1A62FA1A946D} = {8E4B1585-03C5-EA55-BC9B-1A62FA1A946D}
		{9AB071B6-86BF-750A-880A-9A329B525687} = {9AB071B6-86BF-750A-880A-9A329B525687}
		{136133C0-6794-380B-96C4-9E742AD352E2} = {136133C0-6794-380B-96C4-9E742AD352E2}
		{508ACFF4-18C6-3699-809C-6478D9DE57BB} = {508ACFF4-18C6-3699-809C-6478D9DE57BB}
		{EBF906FF-8A34-770B-0BAF-6D612118BF47} = {EBF906FF-8A34-770B-0BAF-6D612118BF47}
	EndProjectSection
EndProject
Project("{8BC9CEB8-8B4A-11D0-8D11-00A0C91BC942}") = "cximagemfcdll", "CxImage\CxImageDLL\cximagemfcdll.vcxproj", "{A9B9199F-CFF2-3F76-29DF-A24C3CBC563F}"
	ProjectSection(ProjectDependencies) = postProject
		{12BEF647-5C44-0E97-FD80-8CFEB0233940} = {12BEF647-5C44-0E97-FD80-8CFEB0233940}
		{DB41964F-473C-E041-2F37-1B8FBCA67097} = {DB41964F-473C-E041-2F37-1B8FBCA67097}
		{B512286E-77DC-FF76-396B-9A5FE804CCCF} = {B512286E-77DC-FF76-396B-9A5FE804CCCF}
		{F8E8357D-6A95-E188-0711-692CB10E6808} = {F8E8357D-6A95-E188-0711-692CB10E6808}
		{8E4B1585-03C5-EA55-BC9B-1A62FA1A946D} = {8E4B1585-03C5-EA55-BC9B-1A62FA1A946D}
		{9AB071B6-86BF-750A-880A-9A329B525687} = {9AB071B6-86BF-750A-880A-9A329B525687}
		{136133C0-6794-380B-96C4-9E742AD352E2} = {136133C0-6794-380B-96C4-9E742AD352E2}
		{EBF906FF-8A34-770B-0BAF-6D612118BF47} = {EBF906FF-8A34-770B-0BAF-6D612118BF47}
	EndProjectSection
EndProject
Project("{8BC9CEB8-8B4A-11D0-8D11-00A0C91BC942}") = "demoDLL", "demo\demoDLL.vcxproj", "{3B6C101A-285B-680E-6909-F970129B1756}"
	ProjectSection(ProjectDependencies) = postProject
		{AA2641A3-2286-5899-2233-A0616F15CDA7} = {AA2641A3-2286-5899-2233-A0616F15CDA7}
	EndProjectSection
EndProject
Project("{8BC9CEB8-8B4A-11D0-8D11-00A0C91BC942}") = "jasper", "jasper\jasper.vcxproj", "{B512286E-77DC-FF76-396B-9A5FE804CCCF}"
EndProject
Project("{8BC9CEB8-8B4A-11D0-8D11-00A0C91BC942}") = "jbig", "jbig\jbig.vcxproj", "{9AB071B6-86BF-750A-880A-9A329B525687}"
EndProject
Project("{8BC9CEB8-8B4A-11D0-8D11-00A0C91BC942}") = "Jpeg", "jpeg\Jpeg.vcxproj", "{136133C0-6794-380B-96C4-9E742AD352E2}"
EndProject
Project("{8BC9CEB8-8B4A-11D0-8D11-00A0C91BC942}") = "libdcr", "raw\libdcr.vcxproj", "{DB41964F-473C-E041-2F37-1B8FBCA67097}"
EndProject
Project("{8BC9CEB8-8B4A-11D0-8D11-00A0C91BC942}") = "mng", "mng\mng.vcxproj", "{EBF906FF-8A34-770B-0BAF-6D612118BF47}"
EndProject
Project("{8BC9CEB8-8B4A-11D0-8D11-00A0C91BC942}") = "png", "png\png.vcxproj", "{12BEF647-5C44-0E97-FD80-8CFEB0233940}"
EndProject
Project("{8BC9CEB8-8B4A-11D0-8D11-00A0C91BC942}") = "Tiff", "tiff\Tiff.vcxproj", "{F8E8357D-6A95-E188-0711-692CB10E6808}"
EndProject
Project("{8BC9CEB8-8B4A-11D0-8D11-00A0C91BC942}") = "zlib", "zlib\zlib.vcxproj", "{8E4B1585-03C5-EA55-BC9B-1A62FA1A946D}"
EndProject
Project("{8BC9CEB8-8B4A-11D0-8D11-00A0C91BC942}") = "Console", "demo2\Console.vcxproj", "{D93AC946-AC33-0862-AE7E-9FDE89899A13}"
	ProjectSection(ProjectDependencies) = postProject
		{AA2641A3-2286-5899-2233-A0616F15CDA7} = {AA2641A3-2286-5899-2233-A0616F15CDA7}
	EndProjectSection
EndProject
Project("{8BC9CEB8-8B4A-11D0-8D11-00A0C91BC942}") = "testimage", "testimage\testimage.vcxproj", "{908EE8F8-1A9B-4CA6-AB9D-28D110B617D2}"
	ProjectSection(ProjectDependencies) = postProject
		{AA2641A3-2286-5899-2233-A0616F15CDA7} = {AA2641A3-2286-5899-2233-A0616F15CDA7}
	EndProjectSection
EndProject
Project("{8BC9CEB8-8B4A-11D0-8D11-00A0C91BC942}") = "MFCImage", "MFCImage\MFCImage.vcxproj", "{1168ED2A-71EA-4AF9-B6AE-94AC978F0CE7}"
EndProject
Global
	GlobalSection(SolutionConfigurationPlatforms) = preSolution
		Debug|Win32 = Debug|Win32
		Debug|x64 = Debug|x64
		Release|Win32 = Release|Win32
		Release|x64 = Release|x64
		Template|Win32 = Template|Win32
		Template|x64 = Template|x64
		Unicode Debug|Win32 = Unicode Debug|Win32
		Unicode Debug|x64 = Unicode Debug|x64
		Unicode Release|Win32 = Unicode Release|Win32
		Unicode Release|x64 = Unicode Release|x64
	EndGlobalSection
	GlobalSection(ProjectConfigurationPlatforms) = postSolution
		{508ACFF4-18C6-3699-809C-6478D9DE57BB}.Debug|Win32.ActiveCfg = Debug|Win32
		{508ACFF4-18C6-3699-809C-6478D9DE57BB}.Debug|Win32.Build.0 = Debug|Win32
		{508ACFF4-18C6-3699-809C-6478D9DE57BB}.Debug|x64.ActiveCfg = Debug|x64
		{508ACFF4-18C6-3699-809C-6478D9DE57BB}.Debug|x64.Build.0 = Debug|x64
		{508ACFF4-18C6-3699-809C-6478D9DE57BB}.Release|Win32.ActiveCfg = Release|Win32
		{508ACFF4-18C6-3699-809C-6478D9DE57BB}.Release|Win32.Build.0 = Release|Win32
		{508ACFF4-18C6-3699-809C-6478D9DE57BB}.Release|x64.ActiveCfg = Release|x64
		{508ACFF4-18C6-3699-809C-6478D9DE57BB}.Release|x64.Build.0 = Release|x64
		{508ACFF4-18C6-3699-809C-6478D9DE57BB}.Template|Win32.ActiveCfg = Unicode Release|x64
		{508ACFF4-18C6-3699-809C-6478D9DE57BB}.Template|x64.ActiveCfg = Unicode Release|x64
		{508ACFF4-18C6-3699-809C-6478D9DE57BB}.Template|x64.Build.0 = Unicode Release|x64
		{508ACFF4-18C6-3699-809C-6478D9DE57BB}.Unicode Debug|Win32.ActiveCfg = Unicode Debug|Win32
		{508ACFF4-18C6-3699-809C-6478D9DE57BB}.Unicode Debug|Win32.Build.0 = Unicode Debug|Win32
		{508ACFF4-18C6-3699-809C-6478D9DE57BB}.Unicode Debug|x64.ActiveCfg = Unicode Debug|x64
		{508ACFF4-18C6-3699-809C-6478D9DE57BB}.Unicode Debug|x64.Build.0 = Unicode Debug|x64
		{508ACFF4-18C6-3699-809C-6478D9DE57BB}.Unicode Release|Win32.ActiveCfg = Unicode Release|Win32
		{508ACFF4-18C6-3699-809C-6478D9DE57BB}.Unicode Release|Win32.Build.0 = Unicode Release|Win32
		{508ACFF4-18C6-3699-809C-6478D9DE57BB}.Unicode Release|x64.ActiveCfg = Unicode Release|x64
		{508ACFF4-18C6-3699-809C-6478D9DE57BB}.Unicode Release|x64.Build.0 = Unicode Release|x64
		{AA2641A3-2286-5899-2233-A0616F15CDA7}.Debug|Win32.ActiveCfg = Debug|Win32
		{AA2641A3-2286-5899-2233-A0616F15CDA7}.Debug|Win32.Build.0 = Debug|Win32
		{AA2641A3-2286-5899-2233-A0616F15CDA7}.Debug|x64.ActiveCfg = Debug|x64
		{AA2641A3-2286-5899-2233-A0616F15CDA7}.Debug|x64.Build.0 = Debug|x64
		{AA2641A3-2286-5899-2233-A0616F15CDA7}.Release|Win32.ActiveCfg = Release|Win32
		{AA2641A3-2286-5899-2233-A0616F15CDA7}.Release|Win32.Build.0 = Release|Win32
		{AA2641A3-2286-5899-2233-A0616F15CDA7}.Release|x64.ActiveCfg = Release|x64
		{AA2641A3-2286-5899-2233-A0616F15CDA7}.Release|x64.Build.0 = Release|x64
		{AA2641A3-2286-5899-2233-A0616F15CDA7}.Template|Win32.ActiveCfg = Template|Win32
		{AA2641A3-2286-5899-2233-A0616F15CDA7}.Template|Win32.Build.0 = Template|Win32
		{AA2641A3-2286-5899-2233-A0616F15CDA7}.Template|x64.ActiveCfg = Template|x64
		{AA2641A3-2286-5899-2233-A0616F15CDA7}.Template|x64.Build.0 = Template|x64
		{AA2641A3-2286-5899-2233-A0616F15CDA7}.Unicode Debug|Win32.ActiveCfg = Unicode Debug|Win32
		{AA2641A3-2286-5899-2233-A0616F15CDA7}.Unicode Debug|Win32.Build.0 = Unicode Debug|Win32
		{AA2641A3-2286-5899-2233-A0616F15CDA7}.Unicode Debug|x64.ActiveCfg = Unicode Debug|x64
		{AA2641A3-2286-5899-2233-A0616F15CDA7}.Unicode Debug|x64.Build.0 = Unicode Debug|x64
		{AA2641A3-2286-5899-2233-A0616F15CDA7}.Unicode Release|Win32.ActiveCfg = Unicode Release|Win32
		{AA2641A3-2286-5899-2233-A0616F15CDA7}.Unicode Release|Win32.Build.0 = Unicode Release|Win32
		{AA2641A3-2286-5899-2233-A0616F15CDA7}.Unicode Release|x64.ActiveCfg = Unicode Release|x64
		{AA2641A3-2286-5899-2233-A0616F15CDA7}.Unicode Release|x64.Build.0 = Unicode Release|x64
		{A9B9199F-CFF2-3F76-29DF-A24C3CBC563F}.Debug|Win32.ActiveCfg = Debug|Win32
		{A9B9199F-CFF2-3F76-29DF-A24C3CBC563F}.Debug|Win32.Build.0 = Debug|Win32
		{A9B9199F-CFF2-3F76-29DF-A24C3CBC563F}.Debug|x64.ActiveCfg = Debug|x64
		{A9B9199F-CFF2-3F76-29DF-A24C3CBC563F}.Debug|x64.Build.0 = Debug|x64
		{A9B9199F-CFF2-3F76-29DF-A24C3CBC563F}.Release|Win32.ActiveCfg = Release|Win32
		{A9B9199F-CFF2-3F76-29DF-A24C3CBC563F}.Release|Win32.Build.0 = Release|Win32
		{A9B9199F-CFF2-3F76-29DF-A24C3CBC563F}.Release|x64.ActiveCfg = Release|x64
		{A9B9199F-CFF2-3F76-29DF-A24C3CBC563F}.Release|x64.Build.0 = Release|x64
		{A9B9199F-CFF2-3F76-29DF-A24C3CBC563F}.Template|Win32.ActiveCfg = Template|Win32
		{A9B9199F-CFF2-3F76-29DF-A24C3CBC563F}.Template|Win32.Build.0 = Template|Win32
		{A9B9199F-CFF2-3F76-29DF-A24C3CBC563F}.Template|x64.ActiveCfg = Template|x64
		{A9B9199F-CFF2-3F76-29DF-A24C3CBC563F}.Template|x64.Build.0 = Template|x64
		{A9B9199F-CFF2-3F76-29DF-A24C3CBC563F}.Unicode Debug|Win32.ActiveCfg = Unicode Debug|Win32
		{A9B9199F-CFF2-3F76-29DF-A24C3CBC563F}.Unicode Debug|Win32.Build.0 = Unicode Debug|Win32
		{A9B9199F-CFF2-3F76-29DF-A24C3CBC563F}.Unicode Debug|x64.ActiveCfg = Unicode Debug|x64
		{A9B9199F-CFF2-3F76-29DF-A24C3CBC563F}.Unicode Debug|x64.Build.0 = Unicode Debug|x64
		{A9B9199F-CFF2-3F76-29DF-A24C3CBC563F}.Unicode Release|Win32.ActiveCfg = Unicode Release|Win32
		{A9B9199F-CFF2-3F76-29DF-A24C3CBC563F}.Unicode Release|Win32.Build.0 = Unicode Release|Win32
		{A9B9199F-CFF2-3F76-29DF-A24C3CBC563F}.Unicode Release|x64.ActiveCfg = Unicode Release|x64
		{A9B9199F-CFF2-3F76-29DF-A24C3CBC563F}.Unicode Release|x64.Build.0 = Unicode Release|x64
		{3B6C101A-285B-680E-6909-F970129B1756}.Debug|Win32.ActiveCfg = Debug|Win32
		{3B6C101A-285B-680E-6909-F970129B1756}.Debug|Win32.Build.0 = Debug|Win32
		{3B6C101A-285B-680E-6909-F970129B1756}.Debug|x64.ActiveCfg = Debug|x64
		{3B6C101A-285B-680E-6909-F970129B1756}.Debug|x64.Build.0 = Debug|x64
		{3B6C101A-285B-680E-6909-F970129B1756}.Release|Win32.ActiveCfg = Release|Win32
		{3B6C101A-285B-680E-6909-F970129B1756}.Release|Win32.Build.0 = Release|Win32
		{3B6C101A-285B-680E-6909-F970129B1756}.Release|x64.ActiveCfg = Release|x64
		{3B6C101A-285B-680E-6909-F970129B1756}.Release|x64.Build.0 = Release|x64
		{3B6C101A-285B-680E-6909-F970129B1756}.Template|Win32.ActiveCfg = Template|Win32
		{3B6C101A-285B-680E-6909-F970129B1756}.Template|Win32.Build.0 = Template|Win32
		{3B6C101A-285B-680E-6909-F970129B1756}.Template|x64.ActiveCfg = Template|x64
		{3B6C101A-285B-680E-6909-F970129B1756}.Template|x64.Build.0 = Template|x64
		{3B6C101A-285B-680E-6909-F970129B1756}.Unicode Debug|Win32.ActiveCfg = Unicode Debug|Win32
		{3B6C101A-285B-680E-6909-F970129B1756}.Unicode Debug|Win32.Build.0 = Unicode Debug|Win32
		{3B6C101A-285B-680E-6909-F970129B1756}.Unicode Debug|x64.ActiveCfg = Unicode Debug|x64
		{3B6C101A-285B-680E-6909-F970129B1756}.Unicode Debug|x64.Build.0 = Unicode Debug|x64
		{3B6C101A-285B-680E-6909-F970129B1756}.Unicode Release|Win32.ActiveCfg = Unicode Release|Win32
		{3B6C101A-285B-680E-6909-F970129B1756}.Unicode Release|Win32.Build.0 = Unicode Release|Win32
		{3B6C101A-285B-680E-6909-F970129B1756}.Unicode Release|x64.ActiveCfg = Unicode Release|x64
		{3B6C101A-285B-680E-6909-F970129B1756}.Unicode Release|x64.Build.0 = Unicode Release|x64
		{B512286E-77DC-FF76-396B-9A5FE804CCCF}.Debug|Win32.ActiveCfg = Debug|Win32
		{B512286E-77DC-FF76-396B-9A5FE804CCCF}.Debug|Win32.Build.0 = Debug|Win32
		{B512286E-77DC-FF76-396B-9A5FE804CCCF}.Debug|x64.ActiveCfg = Debug|x64
		{B512286E-77DC-FF76-396B-9A5FE804CCCF}.Debug|x64.Build.0 = Debug|x64
		{B512286E-77DC-FF76-396B-9A5FE804CCCF}.Release|Win32.ActiveCfg = Release|Win32
		{B512286E-77DC-FF76-396B-9A5FE804CCCF}.Release|Win32.Build.0 = Release|Win32
		{B512286E-77DC-FF76-396B-9A5FE804CCCF}.Release|x64.ActiveCfg = Release|x64
		{B512286E-77DC-FF76-396B-9A5FE804CCCF}.Release|x64.Build.0 = Release|x64
		{B512286E-77DC-FF76-396B-9A5FE804CCCF}.Template|Win32.ActiveCfg = Template|Win32
		{B512286E-77DC-FF76-396B-9A5FE804CCCF}.Template|Win32.Build.0 = Template|Win32
		{B512286E-77DC-FF76-396B-9A5FE804CCCF}.Template|x64.ActiveCfg = Template|x64
		{B512286E-77DC-FF76-396B-9A5FE804CCCF}.Template|x64.Build.0 = Template|x64
		{B512286E-77DC-FF76-396B-9A5FE804CCCF}.Unicode Debug|Win32.ActiveCfg = Unicode Debug|Win32
		{B512286E-77DC-FF76-396B-9A5FE804CCCF}.Unicode Debug|Win32.Build.0 = Unicode Debug|Win32
		{B512286E-77DC-FF76-396B-9A5FE804CCCF}.Unicode Debug|x64.ActiveCfg = Unicode Debug|x64
		{B512286E-77DC-FF76-396B-9A5FE804CCCF}.Unicode Debug|x64.Build.0 = Unicode Debug|x64
		{B512286E-77DC-FF76-396B-9A5FE804CCCF}.Unicode Release|Win32.ActiveCfg = Unicode Release|Win32
		{B512286E-77DC-FF76-396B-9A5FE804CCCF}.Unicode Release|Win32.Build.0 = Unicode Release|Win32
		{B512286E-77DC-FF76-396B-9A5FE804CCCF}.Unicode Release|x64.ActiveCfg = Unicode Release|x64
		{B512286E-77DC-FF76-396B-9A5FE804CCCF}.Unicode Release|x64.Build.0 = Unicode Release|x64
		{9AB071B6-86BF-750A-880A-9A329B525687}.Debug|Win32.ActiveCfg = Debug|Win32
		{9AB071B6-86BF-750A-880A-9A329B525687}.Debug|Win32.Build.0 = Debug|Win32
		{9AB071B6-86BF-750A-880A-9A329B525687}.Debug|x64.ActiveCfg = Debug|x64
		{9AB071B6-86BF-750A-880A-9A329B525687}.Debug|x64.Build.0 = Debug|x64
		{9AB071B6-86BF-750A-880A-9A329B525687}.Release|Win32.ActiveCfg = Release|Win32
		{9AB071B6-86BF-750A-880A-9A329B525687}.Release|Win32.Build.0 = Release|Win32
		{9AB071B6-86BF-750A-880A-9A329B525687}.Release|x64.ActiveCfg = Release|x64
		{9AB071B6-86BF-750A-880A-9A329B525687}.Release|x64.Build.0 = Release|x64
		{9AB071B6-86BF-750A-880A-9A329B525687}.Template|Win32.ActiveCfg = Template|Win32
		{9AB071B6-86BF-750A-880A-9A329B525687}.Template|Win32.Build.0 = Template|Win32
		{9AB071B6-86BF-750A-880A-9A329B525687}.Template|x64.ActiveCfg = Template|x64
		{9AB071B6-86BF-750A-880A-9A329B525687}.Template|x64.Build.0 = Template|x64
		{9AB071B6-86BF-750A-880A-9A329B525687}.Unicode Debug|Win32.ActiveCfg = Unicode Debug|Win32
		{9AB071B6-86BF-750A-880A-9A329B525687}.Unicode Debug|Win32.Build.0 = Unicode Debug|Win32
		{9AB071B6-86BF-750A-880A-9A329B525687}.Unicode Debug|x64.ActiveCfg = Unicode Debug|x64
		{9AB071B6-86BF-750A-880A-9A329B525687}.Unicode Debug|x64.Build.0 = Unicode Debug|x64
		{9AB071B6-86BF-750A-880A-9A329B525687}.Unicode Release|Win32.ActiveCfg = Unicode Release|Win32
		{9AB071B6-86BF-750A-880A-9A329B525687}.Unicode Release|Win32.Build.0 = Unicode Release|Win32
		{9AB071B6-86BF-750A-880A-9A329B525687}.Unicode Release|x64.ActiveCfg = Unicode Release|x64
		{9AB071B6-86BF-750A-880A-9A329B525687}.Unicode Release|x64.Build.0 = Unicode Release|x64
		{136133C0-6794-380B-96C4-9E742AD352E2}.Debug|Win32.ActiveCfg = Debug|Win32
		{136133C0-6794-380B-96C4-9E742AD352E2}.Debug|Win32.Build.0 = Debug|Win32
		{136133C0-6794-380B-96C4-9E742AD352E2}.Debug|x64.ActiveCfg = Debug|x64
		{136133C0-6794-380B-96C4-9E742AD352E2}.Debug|x64.Build.0 = Debug|x64
		{136133C0-6794-380B-96C4-9E742AD352E2}.Release|Win32.ActiveCfg = Release|Win32
		{136133C0-6794-380B-96C4-9E742AD352E2}.Release|Win32.Build.0 = Release|Win32
		{136133C0-6794-380B-96C4-9E742AD352E2}.Release|x64.ActiveCfg = Release|x64
		{136133C0-6794-380B-96C4-9E742AD352E2}.Release|x64.Build.0 = Release|x64
		{136133C0-6794-380B-96C4-9E742AD352E2}.Template|Win32.ActiveCfg = Template|Win32
		{136133C0-6794-380B-96C4-9E742AD352E2}.Template|Win32.Build.0 = Template|Win32
		{136133C0-6794-380B-96C4-9E742AD352E2}.Template|x64.ActiveCfg = Template|x64
		{136133C0-6794-380B-96C4-9E742AD352E2}.Template|x64.Build.0 = Template|x64
		{136133C0-6794-380B-96C4-9E742AD352E2}.Unicode Debug|Win32.ActiveCfg = Unicode Debug|Win32
		{136133C0-6794-380B-96C4-9E742AD352E2}.Unicode Debug|Win32.Build.0 = Unicode Debug|Win32
		{136133C0-6794-380B-96C4-9E742AD352E2}.Unicode Debug|x64.ActiveCfg = Unicode Debug|x64
		{136133C0-6794-380B-96C4-9E742AD352E2}.Unicode Debug|x64.Build.0 = Unicode Debug|x64
		{136133C0-6794-380B-96C4-9E742AD352E2}.Unicode Release|Win32.ActiveCfg = Unicode Release|Win32
		{136133C0-6794-380B-96C4-9E742AD352E2}.Unicode Release|Win32.Build.0 = Unicode Release|Win32
		{136133C0-6794-380B-96C4-9E742AD352E2}.Unicode Release|x64.ActiveCfg = Unicode Release|x64
		{136133C0-6794-380B-96C4-9E742AD352E2}.Unicode Release|x64.Build.0 = Unicode Release|x64
		{DB41964F-473C-E041-2F37-1B8FBCA67097}.Debug|Win32.ActiveCfg = Debug|Win32
		{DB41964F-473C-E041-2F37-1B8FBCA67097}.Debug|Win32.Build.0 = Debug|Win32
		{DB41964F-473C-E041-2F37-1B8FBCA67097}.Debug|x64.ActiveCfg = Debug|x64
		{DB41964F-473C-E041-2F37-1B8FBCA67097}.Debug|x64.Build.0 = Debug|x64
		{DB41964F-473C-E041-2F37-1B8FBCA67097}.Release|Win32.ActiveCfg = Release|Win32
		{DB41964F-473C-E041-2F37-1B8FBCA67097}.Release|Win32.Build.0 = Release|Win32
		{DB41964F-473C-E041-2F37-1B8FBCA67097}.Release|x64.ActiveCfg = Release|x64
		{DB41964F-473C-E041-2F37-1B8FBCA67097}.Release|x64.Build.0 = Release|x64
		{DB41964F-473C-E041-2F37-1B8FBCA67097}.Template|Win32.ActiveCfg = Template|Win32
		{DB41964F-473C-E041-2F37-1B8FBCA67097}.Template|Win32.Build.0 = Template|Win32
		{DB41964F-473C-E041-2F37-1B8FBCA67097}.Template|x64.ActiveCfg = Template|x64
		{DB41964F-473C-E041-2F37-1B8FBCA67097}.Template|x64.Build.0 = Template|x64
		{DB41964F-473C-E041-2F37-1B8FBCA67097}.Unicode Debug|Win32.ActiveCfg = Unicode Debug|Win32
		{DB41964F-473C-E041-2F37-1B8FBCA67097}.Unicode Debug|Win32.Build.0 = Unicode Debug|Win32
		{DB41964F-473C-E041-2F37-1B8FBCA67097}.Unicode Debug|x64.ActiveCfg = Unicode Debug|x64
		{DB41964F-473C-E041-2F37-1B8FBCA67097}.Unicode Debug|x64.Build.0 = Unicode Debug|x64
		{DB41964F-473C-E041-2F37-1B8FBCA67097}.Unicode Release|Win32.ActiveCfg = Unicode Release|Win32
		{DB41964F-473C-E041-2F37-1B8FBCA67097}.Unicode Release|Win32.Build.0 = Unicode Release|Win32
		{DB41964F-473C-E041-2F37-1B8FBCA67097}.Unicode Release|x64.ActiveCfg = Unicode Release|x64
		{DB41964F-473C-E041-2F37-1B8FBCA67097}.Unicode Release|x64.Build.0 = Unicode Release|x64
		{EBF906FF-8A34-770B-0BAF-6D612118BF47}.Debug|Win32.ActiveCfg = Debug|Win32
		{EBF906FF-8A34-770B-0BAF-6D612118BF47}.Debug|Win32.Build.0 = Debug|Win32
		{EBF906FF-8A34-770B-0BAF-6D612118BF47}.Debug|x64.ActiveCfg = Debug|x64
		{EBF906FF-8A34-770B-0BAF-6D612118BF47}.Debug|x64.Build.0 = Debug|x64
		{EBF906FF-8A34-770B-0BAF-6D612118BF47}.Release|Win32.ActiveCfg = Release|Win32
		{EBF906FF-8A34-770B-0BAF-6D612118BF47}.Release|Win32.Build.0 = Release|Win32
		{EBF906FF-8A34-770B-0BAF-6D612118BF47}.Release|x64.ActiveCfg = Release|x64
		{EBF906FF-8A34-770B-0BAF-6D612118BF47}.Release|x64.Build.0 = Release|x64
		{EBF906FF-8A34-770B-0BAF-6D612118BF47}.Template|Win32.ActiveCfg = Template|Win32
		{EBF906FF-8A34-770B-0BAF-6D612118BF47}.Template|Win32.Build.0 = Template|Win32
		{EBF906FF-8A34-770B-0BAF-6D612118BF47}.Template|x64.ActiveCfg = Template|x64
		{EBF906FF-8A34-770B-0BAF-6D612118BF47}.Template|x64.Build.0 = Template|x64
		{EBF906FF-8A34-770B-0BAF-6D612118BF47}.Unicode Debug|Win32.ActiveCfg = Unicode Debug|Win32
		{EBF906FF-8A34-770B-0BAF-6D612118BF47}.Unicode Debug|Win32.Build.0 = Unicode Debug|Win32
		{EBF906FF-8A34-770B-0BAF-6D612118BF47}.Unicode Debug|x64.ActiveCfg = Unicode Debug|x64
		{EBF906FF-8A34-770B-0BAF-6D612118BF47}.Unicode Debug|x64.Build.0 = Unicode Debug|x64
		{EBF906FF-8A34-770B-0BAF-6D612118BF47}.Unicode Release|Win32.ActiveCfg = Unicode Release|Win32
		{EBF906FF-8A34-770B-0BAF-6D612118BF47}.Unicode Release|Win32.Build.0 = Unicode Release|Win32
		{EBF906FF-8A34-770B-0BAF-6D612118BF47}.Unicode Release|x64.ActiveCfg = Unicode Release|x64
		{EBF906FF-8A34-770B-0BAF-6D612118BF47}.Unicode Release|x64.Build.0 = Unicode Release|x64
		{12BEF647-5C44-0E97-FD80-8CFEB0233940}.Debug|Win32.ActiveCfg = Debug|Win32
		{12BEF647-5C44-0E97-FD80-8CFEB0233940}.Debug|Win32.Build.0 = Debug|Win32
		{12BEF647-5C44-0E97-FD80-8CFEB0233940}.Debug|x64.ActiveCfg = Debug|x64
		{12BEF647-5C44-0E97-FD80-8CFEB0233940}.Debug|x64.Build.0 = Debug|x64
		{12BEF647-5C44-0E97-FD80-8CFEB0233940}.Release|Win32.ActiveCfg = Release|Win32
		{12BEF647-5C44-0E97-FD80-8CFEB0233940}.Release|Win32.Build.0 = Release|Win32
		{12BEF647-5C44-0E97-FD80-8CFEB0233940}.Release|x64.ActiveCfg = Release|x64
		{12BEF647-5C44-0E97-FD80-8CFEB0233940}.Release|x64.Build.0 = Release|x64
		{12BEF647-5C44-0E97-FD80-8CFEB0233940}.Template|Win32.ActiveCfg = Template|Win32
		{12BEF647-5C44-0E97-FD80-8CFEB0233940}.Template|Win32.Build.0 = Template|Win32
		{12BEF647-5C44-0E97-FD80-8CFEB0233940}.Template|x64.ActiveCfg = Template|x64
		{12BEF647-5C44-0E97-FD80-8CFEB0233940}.Template|x64.Build.0 = Template|x64
		{12BEF647-5C44-0E97-FD80-8CFEB0233940}.Unicode Debug|Win32.ActiveCfg = Unicode Debug|Win32
		{12BEF647-5C44-0E97-FD80-8CFEB0233940}.Unicode Debug|Win32.Build.0 = Unicode Debug|Win32
		{12BEF647-5C44-0E97-FD80-8CFEB0233940}.Unicode Debug|x64.ActiveCfg = Unicode Debug|x64
		{12BEF647-5C44-0E97-FD80-8CFEB0233940}.Unicode Debug|x64.Build.0 = Unicode Debug|x64
		{12BEF647-5C44-0E97-FD80-8CFEB0233940}.Unicode Release|Win32.ActiveCfg = Unicode Release|Win32
		{12BEF647-5C44-0E97-FD80-8CFEB0233940}.Unicode Release|Win32.Build.0 = Unicode Release|Win32
		{12BEF647-5C44-0E97-FD80-8CFEB0233940}.Unicode Release|x64.ActiveCfg = Unicode Release|x64
		{12BEF647-5C44-0E97-FD80-8CFEB0233940}.Unicode Release|x64.Build.0 = Unicode Release|x64
		{F8E8357D-6A95-E188-0711-692CB10E6808}.Debug|Win32.ActiveCfg = Debug|Win32
		{F8E8357D-6A95-E188-0711-692CB10E6808}.Debug|Win32.Build.0 = Debug|Win32
		{F8E8357D-6A95-E188-0711-692CB10E6808}.Debug|x64.ActiveCfg = Debug|x64
		{F8E8357D-6A95-E188-0711-692CB10E6808}.Debug|x64.Build.0 = Debug|x64
		{F8E8357D-6A95-E188-0711-692CB10E6808}.Release|Win32.ActiveCfg = Release|Win32
		{F8E8357D-6A95-E188-0711-692CB10E6808}.Release|Win32.Build.0 = Release|Win32
		{F8E8357D-6A95-E188-0711-692CB10E6808}.Release|x64.ActiveCfg = Release|x64
		{F8E8357D-6A95-E188-0711-692CB10E6808}.Release|x64.Build.0 = Release|x64
		{F8E8357D-6A95-E188-0711-692CB10E6808}.Template|Win32.ActiveCfg = Template|Win32
		{F8E8357D-6A95-E188-0711-692CB10E6808}.Template|Win32.Build.0 = Template|Win32
		{F8E8357D-6A95-E188-0711-692CB10E6808}.Template|x64.ActiveCfg = Template|x64
		{F8E8357D-6A95-E188-0711-692CB10E6808}.Template|x64.Build.0 = Template|x64
		{F8E8357D-6A95-E188-0711-692CB10E6808}.Unicode Debug|Win32.ActiveCfg = Unicode Debug|Win32
		{F8E8357D-6A95-E188-0711-692CB10E6808}.Unicode Debug|Win32.Build.0 = Unicode Debug|Win32
		{F8E8357D-6A95-E188-0711-692CB10E6808}.Unicode Debug|x64.ActiveCfg = Unicode Debug|x64
		{F8E8357D-6A95-E188-0711-692CB10E6808}.Unicode Debug|x64.Build.0 = Unicode Debug|x64
		{F8E8357D-6A95-E188-0711-692CB10E6808}.Unicode Release|Win32.ActiveCfg = Unicode Release|Win32
		{F8E8357D-6A95-E188-0711-692CB10E6808}.Unicode Release|Win32.Build.0 = Unicode Release|Win32
		{F8E8357D-6A95-E188-0711-692CB10E6808}.Unicode Release|x64.ActiveCfg = Unicode Release|x64
		{F8E8357D-6A95-E188-0711-692CB10E6808}.Unicode Release|x64.Build.0 = Unicode Release|x64
		{8E4B1585-03C5-EA55-BC9B-1A62FA1A946D}.Debug|Win32.ActiveCfg = Debug|Win32
		{8E4B1585-03C5-EA55-BC9B-1A62FA1A946D}.Debug|Win32.Build.0 = Debug|Win32
		{8E4B1585-03C5-EA55-BC9B-1A62FA1A946D}.Debug|x64.ActiveCfg = Debug|x64
		{8E4B1585-03C5-EA55-BC9B-1A62FA1A946D}.Debug|x64.Build.0 = Debug|x64
		{8E4B1585-03C5-EA55-BC9B-1A62FA1A946D}.Release|Win32.ActiveCfg = Release|Win32
		{8E4B1585-03C5-EA55-BC9B-1A62FA1A946D}.Release|Win32.Build.0 = Release|Win32
		{8E4B1585-03C5-EA55-BC9B-1A62FA1A946D}.Release|x64.ActiveCfg = Release|x64
		{8E4B1585-03C5-EA55-BC9B-1A62FA1A946D}.Release|x64.Build.0 = Release|x64
		{8E4B1585-03C5-EA55-BC9B-1A62FA1A946D}.Template|Win32.ActiveCfg = Template|Win32
		{8E4B1585-03C5-EA55-BC9B-1A62FA1A946D}.Template|Win32.Build.0 = Template|Win32
		{8E4B1585-03C5-EA55-BC9B-1A62FA1A946D}.Template|x64.ActiveCfg = Template|x64
		{8E4B1585-03C5-EA55-BC9B-1A62FA1A946D}.Template|x64.Build.0 = Template|x64
		{8E4B1585-03C5-EA55-BC9B-1A62FA1A946D}.Unicode Debug|Win32.ActiveCfg = Unicode Debug|Win32
		{8E4B1585-03C5-EA55-BC9B-1A62FA1A946D}.Unicode Debug|Win32.Build.0 = Unicode Debug|Win32
		{8E4B1585-03C5-EA55-BC9B-1A62FA1A946D}.Unicode Debug|x64.ActiveCfg = Unicode Debug|x64
		{8E4B1585-03C5-EA55-BC9B-1A62FA1A946D}.Unicode Debug|x64.Build.0 = Unicode Debug|x64
		{8E4B1585-03C5-EA55-BC9B-1A62FA1A946D}.Unicode Release|Win32.ActiveCfg = Unicode Release|Win32
		{8E4B1585-03C5-EA55-BC9B-1A62FA1A946D}.Unicode Release|Win32.Build.0 = Unicode Release|Win32
		{8E4B1585-03C5-EA55-BC9B-1A62FA1A946D}.Unicode Release|x64.ActiveCfg = Unicode Release|x64
		{8E4B1585-03C5-EA55-BC9B-1A62FA1A946D}.Unicode Release|x64.Build.0 = Unicode Release|x64
		{D93AC946-AC33-0862-AE7E-9FDE89899A13}.Debug|Win32.ActiveCfg = Debug|Win32
		{D93AC946-AC33-0862-AE7E-9FDE89899A13}.Debug|Win32.Build.0 = Debug|Win32
		{D93AC946-AC33-0862-AE7E-9FDE89899A13}.Debug|x64.ActiveCfg = Debug|x64
		{D93AC946-AC33-0862-AE7E-9FDE89899A13}.Debug|x64.Build.0 = Debug|x64
		{D93AC946-AC33-0862-AE7E-9FDE89899A13}.Release|Win32.ActiveCfg = Release|Win32
		{D93AC946-AC33-0862-AE7E-9FDE89899A13}.Release|Win32.Build.0 = Release|Win32
		{D93AC946-AC33-0862-AE7E-9FDE89899A13}.Release|x64.ActiveCfg = Release|x64
		{D93AC946-AC33-0862-AE7E-9FDE89899A13}.Release|x64.Build.0 = Release|x64
		{D93AC946-AC33-0862-AE7E-9FDE89899A13}.Template|Win32.ActiveCfg = Unicode Release|Win32
		{D93AC946-AC33-0862-AE7E-9FDE89899A13}.Template|Win32.Build.0 = Unicode Release|Win32
		{D93AC946-AC33-0862-AE7E-9FDE89899A13}.Template|x64.ActiveCfg = Unicode Release|Win32
		{D93AC946-AC33-0862-AE7E-9FDE89899A13}.Unicode Debug|Win32.ActiveCfg = Unicode Debug|Win32
		{D93AC946-AC33-0862-AE7E-9FDE89899A13}.Unicode Debug|Win32.Build.0 = Unicode Debug|Win32
		{D93AC946-AC33-0862-AE7E-9FDE89899A13}.Unicode Debug|x64.ActiveCfg = Unicode Debug|Win32
		{D93AC946-AC33-0862-AE7E-9FDE89899A13}.Unicode Release|Win32.ActiveCfg = Unicode Release|Win32
		{D93AC946-AC33-0862-AE7E-9FDE89899A13}.Unicode Release|Win32.Build.0 = Unicode Release|Win32
		{D93AC946-AC33-0862-AE7E-9FDE89899A13}.Unicode Release|x64.ActiveCfg = Unicode Release|x64
		{908EE8F8-1A9B-4CA6-AB9D-28D110B617D2}.Debug|Win32.ActiveCfg = Debug|Win32
		{908EE8F8-1A9B-4CA6-AB9D-28D110B617D2}.Debug|Win32.Build.0 = Debug|Win32
		{908EE8F8-1A9B-4CA6-AB9D-28D110B617D2}.Debug|x64.ActiveCfg = Debug|x64
		{908EE8F8-1A9B-4CA6-AB9D-28D110B617D2}.Release|Win32.ActiveCfg = Release|Win32
		{908EE8F8-1A9B-4CA6-AB9D-28D110B617D2}.Release|Win32.Build.0 = Release|Win32
		{908EE8F8-1A9B-4CA6-AB9D-28D110B617D2}.Release|x64.ActiveCfg = Release|x64
		{908EE8F8-1A9B-4CA6-AB9D-28D110B617D2}.Release|x64.Build.0 = Release|x64
		{908EE8F8-1A9B-4CA6-AB9D-28D110B617D2}.Template|Win32.ActiveCfg = Release|Win32
		{908EE8F8-1A9B-4CA6-AB9D-28D110B617D2}.Template|Win32.Build.0 = Release|Win32
		{908EE8F8-1A9B-4CA6-AB9D-28D110B617D2}.Template|x64.ActiveCfg = Release|Win32
		{908EE8F8-1A9B-4CA6-AB9D-28D110B617D2}.Unicode Debug|Win32.ActiveCfg = Debug|Win32
		{908EE8F8-1A9B-4CA6-AB9D-28D110B617D2}.Unicode Debug|Win32.Build.0 = Debug|Win32
		{908EE8F8-1A9B-4CA6-AB9D-28D110B617D2}.Unicode Debug|x64.ActiveCfg = Debug|Win32
		{908EE8F8-1A9B-4CA6-AB9D-28D110B617D2}.Unicode Release|Win32.ActiveCfg = Release|Win32
		{908EE8F8-1A9B-4CA6-AB9D-28D110B617D2}.Unicode Release|Win32.Build.0 = Release|Win32
		{908EE8F8-1A9B-4CA6-AB9D-28D110B617D2}.Unicode Release|x64.ActiveCfg = Release|Win32
		{1168ED2A-71EA-4AF9-B6AE-94AC978F0CE7}.Debug|Win32.ActiveCfg = Debug|Win32
		{1168ED2A-71EA-4AF9-B6AE-94AC978F0CE7}.Debug|Win32.Build.0 = Debug|Win32
		{1168ED2A-71EA-4AF9-B6AE-94AC978F0CE7}.Debug|x64.ActiveCfg = Debug|Win32
		{1168ED2A-71EA-4AF9-B6AE-94AC978F0CE7}.Release|Win32.ActiveCfg = Release|Win32
		{1168ED2A-71EA-4AF9-B6AE-94AC978F0CE7}.Release|Win32.Build.0 = Release|Win32
		{1168ED2A-71EA-4AF9-B6AE-94AC978F0CE7}.Release|x64.ActiveCfg = Release|Win32
		{1168ED2A-71EA-4AF9-B6AE-94AC978F0CE7}.Template|Win32.ActiveCfg = Release|Win32
		{1168ED2A-71EA-4AF9-B6AE-94AC978F0CE7}.Template|Win32.Build.0 = Release|Win32
		{1168ED2A-71EA-4AF9-B6AE-94AC978F0CE7}.Template|x64.ActiveCfg = Release|Win32
		{1168ED2A-71EA-4AF9-B6AE-94AC978F0CE7}.Unicode Debug|Win32.ActiveCfg = Debug|Win32
		{1168ED2A-71EA-4AF9-B6AE-94AC978F0CE7}.Unicode Debug|Win32.Build.0 = Debug|Win32
		{1168ED2A-71EA-4AF9-B6AE-94AC978F0CE7}.Unicode Debug|x64.ActiveCfg = Debug|Win32
		{1168ED2A-71EA-4AF9-B6AE-94AC978F0CE7}.Unicode Release|Win32.ActiveCfg = Release|Win32
		{1168ED2A-71EA-4AF9-B6AE-94AC978F0CE7}.Unicode Release|Win32.Build.0 = Release|Win32
		{1168ED2A-71EA-4AF9-B6AE-94AC978F0CE7}.Unicode Release|x64.ActiveCfg = Release|Win32
	EndGlobalSection
	GlobalSection(SolutionProperties) = preSolution
		HideSolutionNode = FALSE
	EndGlobalSection
EndGlobal
